
Microsoft Visual Studio Solution File, Format Version 12.00
# Visual Studio Version 18
VisualStudioVersion = 18.3.11512.155 d18.3
MinimumVisualStudioVersion = 10.0.40219.1
Project("{FAE04EC0-301F-11D3-BF4B-00C04F79EFBC}") = "FoodBookPro.Data", "FoodBookPro.Data\FoodBookPro.Data.csproj", "{5EC76FAC-062F-402C-9BEA-20E847FCF740}"
EndProject
Project("{FAE04EC0-301F-11D3-BF4B-00C04F79EFBC}") = "FoodBookPro.Web", "FoodBookPro.Web\FoodBookPro.Web.csproj", "{05AF309D-D58E-46EE-8496-A1B003CAC455}"
EndProject
Project("{FAE04EC0-301F-11D3-BF4B-00C04F79EFBC}") = "FoodBookPro.Test", "FoodBookPro.Test\FoodBookPro.Test.csproj", "{6C7C66AE-270F-4EBC-9CA5-1B44DDCB612C}"
EndProject
Global
	GlobalSection(SolutionConfigurationPlatforms) = preSolution
		Debug|Any CPU = Debug|Any CPU
		Release|Any CPU = Release|Any CPU
	EndGlobalSection
	GlobalSection(ProjectConfigurationPlatforms) = postSolution
		{5EC76FAC-062F-402C-9BEA-20E847FCF740}.Debug|Any CPU.ActiveCfg = Debug|Any CPU
		{5EC76FAC-062F-402C-9BEA-20E847FCF740}.Debug|Any CPU.Build.0 = Debug|Any CPU
		{5EC76FAC-062F-402C-9BEA-20E847FCF740}.Release|Any CPU.ActiveCfg = Release|Any CPU
		{5EC76FAC-062F-402C-9BEA-20E847FCF740}.Release|Any CPU.Build.0 = Release|Any CPU
		{05AF309D-D58E-46EE-8496-A1B003CAC455}.Debug|Any CPU.ActiveCfg = Debug|Any CPU
		{05AF309D-D58E-46EE-8496-A1B003CAC455}.Debug|Any CPU.Build.0 = Debug|Any CPU
		{05AF309D-D58E-46EE-8496-A1B003CAC455}.Release|Any CPU.ActiveCfg = Release|Any CPU
		{05AF309D-D58E-46EE-8496-A1B003CAC455}.Release|Any CPU.Build.0 = Release|Any CPU
		{6C7C66AE-270F-4EBC-9CA5-1B44DDCB612C}.Debug|Any CPU.ActiveCfg = Debug|Any CPU
		{6C7C66AE-270F-4EBC-9CA5-1B44DDCB612C}.Debug|Any CPU.Build.0 = Debug|Any CPU
		{6C7C66AE-270F-4EBC-9CA5-1B44DDCB612C}.Release|Any CPU.ActiveCfg = Release|Any CPU
		{6C7C66AE-270F-4EBC-9CA5-1B44DDCB612C}.Release|Any CPU.Build.0 = Release|Any CPU
	EndGlobalSection
	GlobalSection(SolutionProperties) = preSolution
		HideSolutionNode = FALSE
	EndGlobalSection
	GlobalSection(ExtensibilityGlobals) = postSolution
		SolutionGuid = {D7241814-AC82-4DF4-B069-061D6856FD6A}
	EndGlobalSection
EndGlobal
